
Microsoft Visual Studio Solution File, Format Version 12.00
# Visual Studio Version 16
VisualStudioVersion = 16.0.31729.503
MinimumVisualStudioVersion = 10.0.40219.1
Project("{FAE04EC0-301F-11D3-BF4B-00C04F79EFBC}") = "Fool Game 1.0", "Fool Game 1.0\Fool Game 1.0.csproj", "{8D54712A-3F81-411B-B914-E254177CB240}"
EndProject
Global
	GlobalSection(SolutionConfigurationPlatforms) = preSolution
		Debug|Any CPU = Debug|Any CPU
		Release|Any CPU = Release|Any CPU
	EndGlobalSection
	GlobalSection(ProjectConfigurationPlatforms) = postSolution
		{8D54712A-3F81-411B-B914-E254177CB240}.Debug|Any CPU.ActiveCfg = Debug|Any CPU
		{8D54712A-3F81-411B-B914-E254177CB240}.Debug|Any CPU.Build.0 = Debug|Any CPU
		{8D54712A-3F81-411B-B914-E254177CB240}.Release|Any CPU.ActiveCfg = Release|Any CPU
		{8D54712A-3F81-411B-B914-E254177CB240}.Release|Any CPU.Build.0 = Release|Any CPU
	EndGlobalSection
	GlobalSection(SolutionProperties) = preSolution
		HideSolutionNode = FALSE
	EndGlobalSection
	GlobalSection(ExtensibilityGlobals) = postSolution
		SolutionGuid = {A8E90738-7ADD-4001-92D6-DADFC0D5BF9D}
	EndGlobalSection
EndGlobal
